// !$*UTF8*$!
{
	archiveVersion = 1;
	classes = {
	};
	objectVersion = 46;
	objects = {

/* Begin PBXBuildFile section */
		1D08CA101E99B73D007AEF61 /* main.c in Sources */ = {isa = PBXBuildFile; fileRef = 1D08CA0F1E99B73D007AEF61 /* main.c */; };
		1D08CA181E99B7C2007AEF61 /* AZMamaPapa.c in Sources */ = {isa = PBXBuildFile; fileRef = 1D08CA161E99B7C2007AEF61 /* AZMamaPapa.c */; };
		1D67A5501EAB48AF005C4B9C /* AZTest.c in Sources */ = {isa = PBXBuildFile; fileRef = 1D67A54E1EAB48AF005C4B9C /* AZTest.c */; };
		1D715EF21E9D61FE00FA5A84 /* AZOptimizeStructure.c in Sources */ = {isa = PBXBuildFile; fileRef = 1D715EF01E9D61FE00FA5A84 /* AZOptimizeStructure.c */; };
		1D7D93D81E9E969000531417 /* AZConvertToBits.c in Sources */ = {isa = PBXBuildFile; fileRef = 1D7D93D61E9E969000531417 /* AZConvertToBits.c */; };
		1D7D93DB1E9EA9FC00531417 /* AZSctructureArray.c in Sources */ = {isa = PBXBuildFile; fileRef = 1D7D93D91E9EA9FC00531417 /* AZSctructureArray.c */; };
		1DEBA1321E9A59FC00D120DE /* AZMacros.c in Sources */ = {isa = PBXBuildFile; fileRef = 1DEBA1301E9A59FC00D120DE /* AZMacros.c */; };
/* End PBXBuildFile section */

/* Begin PBXCopyFilesBuildPhase section */
		1D08CA0A1E99B73D007AEF61 /* CopyFiles */ = {
			isa = PBXCopyFilesBuildPhase;
			buildActionMask = 2147483647;
			dstPath = /usr/share/man/man1/;
			dstSubfolderSpec = 0;
			files = (
			);
			runOnlyForDeploymentPostprocessing = 1;
		};
/* End PBXCopyFilesBuildPhase section */

/* Begin PBXFileReference section */
		1D08CA0F1E99B73D007AEF61 /* main.c */ = {isa = PBXFileReference; lastKnownFileType = sourcecode.c.c; path = main.c; sourceTree = "<group>"; };
		1D08CA161E99B7C2007AEF61 /* AZMamaPapa.c */ = {isa = PBXFileReference; fileEncoding = 4; lastKnownFileType = sourcecode.c.c; path = AZMamaPapa.c; sourceTree = "<group>"; };
		1D08CA171E99B7C2007AEF61 /* AZMamaPapa.h */ = {isa = PBXFileReference; fileEncoding = 4; lastKnownFileType = sourcecode.c.h; path = AZMamaPapa.h; sourceTree = "<group>"; };
		1D67A54E1EAB48AF005C4B9C /* AZTest.c */ = {isa = PBXFileReference; fileEncoding = 4; lastKnownFileType = sourcecode.c.c; path = AZTest.c; sourceTree = "<group>"; };
		1D67A54F1EAB48AF005C4B9C /* AZTest.h */ = {isa = PBXFileReference; fileEncoding = 4; lastKnownFileType = sourcecode.c.h; path = AZTest.h; sourceTree = "<group>"; };
		1D715EF01E9D61FE00FA5A84 /* AZOptimizeStructure.c */ = {isa = PBXFileReference; fileEncoding = 4; lastKnownFileType = sourcecode.c.c; path = AZOptimizeStructure.c; sourceTree = "<group>"; };
		1D715EF11E9D61FE00FA5A84 /* AZOptimizeStructure.h */ = {isa = PBXFileReference; fileEncoding = 4; lastKnownFileType = sourcecode.c.h; path = AZOptimizeStructure.h; sourceTree = "<group>"; };
		1D7D93D61E9E969000531417 /* AZConvertToBits.c */ = {isa = PBXFileReference; fileEncoding = 4; lastKnownFileType = sourcecode.c.c; path = AZConvertToBits.c; sourceTree = "<group>"; };
		1D7D93D71E9E969000531417 /* AZConvertToBits.h */ = {isa = PBXFileReference; fileEncoding = 4; lastKnownFileType = sourcecode.c.h; path = AZConvertToBits.h; sourceTree = "<group>"; };
		1D7D93D91E9EA9FC00531417 /* AZSctructureArray.c */ = {isa = PBXFileReference; fileEncoding = 4; lastKnownFileType = sourcecode.c.c; path = AZSctructureArray.c; sourceTree = "<group>"; };
		1D7D93DA1E9EA9FC00531417 /* AZStructureArray.h */ = {isa = PBXFileReference; fileEncoding = 4; lastKnownFileType = sourcecode.c.h; path = AZStructureArray.h; sourceTree = "<group>"; };
		1DEBA12C1E99B9DD00D120DE /* lesson1 */ = {isa = PBXFileReference; explicitFileType = "compiled.mach-o.executable"; includeInIndex = 0; path = lesson1; sourceTree = BUILT_PRODUCTS_DIR; };
		1DEBA1301E9A59FC00D120DE /* AZMacros.c */ = {isa = PBXFileReference; fileEncoding = 4; lastKnownFileType = sourcecode.c.c; path = AZMacros.c; sourceTree = "<group>"; };
		1DEBA1311E9A59FC00D120DE /* AZMacros.h */ = {isa = PBXFileReference; fileEncoding = 4; lastKnownFileType = sourcecode.c.h; path = AZMacros.h; sourceTree = "<group>"; xcLanguageSpecificationIdentifier = xcode.lang.c; };
/* End PBXFileReference section */

/* Begin PBXFrameworksBuildPhase section */
		1D08CA091E99B73D007AEF61 /* Frameworks */ = {
			isa = PBXFrameworksBuildPhase;
			buildActionMask = 2147483647;
			files = (
			);
			runOnlyForDeploymentPostprocessing = 0;
		};
/* End PBXFrameworksBuildPhase section */

/* Begin PBXGroup section */
		1D08CA031E99B73D007AEF61 = {
			isa = PBXGroup;
			children = (
				1D08CA0E1E99B73D007AEF61 /* lesson1 */,
				1DEBA12C1E99B9DD00D120DE /* lesson1 */,
			);
			sourceTree = "<group>";
		};
		1D08CA0E1E99B73D007AEF61 /* lesson1 */ = {
			isa = PBXGroup;
			children = (
				1D67A54D1EAB488E005C4B9C /* test */,
				1D5E1EB11EA266A200D59DFA /* structurearray */,
				1D5E1EB01EA2661C00D59DFA /* bytestobits */,
				1D5E1EAF1EA2657400D59DFA /* optimizestructure */,
				1D5E1EAE1EA2654D00D59DFA /* macros */,
				1D5E1EAD1EA2652400D59DFA /* mamapapa */,
				1D08CA0F1E99B73D007AEF61 /* main.c */,
			);
			path = lesson1;
			sourceTree = "<group>";
		};
		1D5E1EAD1EA2652400D59DFA /* mamapapa */ = {
			isa = PBXGroup;
			children = (
				1D08CA171E99B7C2007AEF61 /* AZMamaPapa.h */,
				1D08CA161E99B7C2007AEF61 /* AZMamaPapa.c */,
			);
			name = mamapapa;
			sourceTree = "<group>";
		};
		1D5E1EAE1EA2654D00D59DFA /* macros */ = {
			isa = PBXGroup;
			children = (
				1DEBA1301E9A59FC00D120DE /* AZMacros.c */,
				1DEBA1311E9A59FC00D120DE /* AZMacros.h */,
			);
			name = macros;
			sourceTree = "<group>";
		};
		1D5E1EAF1EA2657400D59DFA /* optimizestructure */ = {
			isa = PBXGroup;
			children = (
				1D715EF01E9D61FE00FA5A84 /* AZOptimizeStructure.c */,
				1D715EF11E9D61FE00FA5A84 /* AZOptimizeStructure.h */,
			);
			name = optimizestructure;
			sourceTree = "<group>";
		};
		1D5E1EB01EA2661C00D59DFA /* bytestobits */ = {
			isa = PBXGroup;
			children = (
				1D7D93D61E9E969000531417 /* AZConvertToBits.c */,
				1D7D93D71E9E969000531417 /* AZConvertToBits.h */,
			);
			name = bytestobits;
			sourceTree = "<group>";
		};
		1D5E1EB11EA266A200D59DFA /* structurearray */ = {
			isa = PBXGroup;
			children = (
				1D7D93D91E9EA9FC00531417 /* AZSctructureArray.c */,
				1D7D93DA1E9EA9FC00531417 /* AZStructureArray.h */,
			);
			name = structurearray;
			sourceTree = "<group>";
		};
		1D67A54D1EAB488E005C4B9C /* test */ = {
			isa = PBXGroup;
			children = (
				1D67A54E1EAB48AF005C4B9C /* AZTest.c */,
				1D67A54F1EAB48AF005C4B9C /* AZTest.h */,
			);
			name = test;
			sourceTree = "<group>";
		};
/* End PBXGroup section */

/* Begin PBXNativeTarget section */
		1D08CA0B1E99B73D007AEF61 /* lesson1 */ = {
			isa = PBXNativeTarget;
			buildConfigurationList = 1D08CA131E99B73D007AEF61 /* Build configuration list for PBXNativeTarget "lesson1" */;
			buildPhases = (
				1D08CA081E99B73D007AEF61 /* Sources */,
				1D08CA091E99B73D007AEF61 /* Frameworks */,
				1D08CA0A1E99B73D007AEF61 /* CopyFiles */,
			);
			buildRules = (
			);
			dependencies = (
			);
			name = lesson1;
			productName = lesson1;
			productReference = 1DEBA12C1E99B9DD00D120DE /* lesson1 */;
			productType = "com.apple.product-type.tool";
		};
/* End PBXNativeTarget section */

/* Begin PBXProject section */
		1D08CA041E99B73D007AEF61 /* Project object */ = {
			isa = PBXProject;
			attributes = {
				LastUpgradeCheck = 0820;
				ORGANIZATIONNAME = "Aleksey Zuiev";
				TargetAttributes = {
					1D08CA0B1E99B73D007AEF61 = {
						CreatedOnToolsVersion = 8.2.1;
						ProvisioningStyle = Automatic;
					};
				};
			};
			buildConfigurationList = 1D08CA071E99B73D007AEF61 /* Build configuration list for PBXProject "lesson1" */;
			compatibilityVersion = "Xcode 3.2";
			developmentRegion = English;
			hasScannedForEncodings = 0;
			knownRegions = (
				en,
			);
			mainGroup = 1D08CA031E99B73D007AEF61;
			productRefGroup = 1D08CA031E99B73D007AEF61;
			projectDirPath = "";
			projectRoot = "";
			targets = (
				1D08CA0B1E99B73D007AEF61 /* lesson1 */,
			);
		};
/* End PBXProject section */

/* Begin PBXSourcesBuildPhase section */
		1D08CA081E99B73D007AEF61 /* Sources */ = {
			isa = PBXSourcesBuildPhase;
			buildActionMask = 2147483647;
			files = (
				1D7D93DB1E9EA9FC00531417 /* AZSctructureArray.c in Sources */,
				1D67A5501EAB48AF005C4B9C /* AZTest.c in Sources */,
				1D7D93D81E9E969000531417 /* AZConvertToBits.c in Sources */,
				1D08CA101E99B73D007AEF61 /* main.c in Sources */,
				1DEBA1321E9A59FC00D120DE /* AZMacros.c in Sources */,
				1D715EF21E9D61FE00FA5A84 /* AZOptimizeStructure.c in Sources */,
				1D08CA181E99B7C2007AEF61 /* AZMamaPapa.c in Sources */,
			);
			runOnlyForDeploymentPostprocessing = 0;
		};
/* End PBXSourcesBuildPhase section */

/* Begin XCBuildConfiguration section */
		1D08CA111E99B73D007AEF61 /* Debug */ = {
			isa = XCBuildConfiguration;
			buildSettings = {
				ALWAYS_SEARCH_USER_PATHS = NO;
				CLANG_ANALYZER_NONNULL = YES;
				CLANG_CXX_LANGUAGE_STANDARD = "gnu++0x";
				CLANG_CXX_LIBRARY = "libc++";
				CLANG_ENABLE_MODULES = YES;
				CLANG_ENABLE_OBJC_ARC = YES;
				CLANG_WARN_BOOL_CONVERSION = YES;
				CLANG_WARN_CONSTANT_CONVERSION = YES;
				CLANG_WARN_DIRECT_OBJC_ISA_USAGE = YES_ERROR;
				CLANG_WARN_DOCUMENTATION_COMMENTS = YES;
				CLANG_WARN_EMPTY_BODY = YES;
				CLANG_WARN_ENUM_CONVERSION = YES;
				CLANG_WARN_INFINITE_RECURSION = YES;
				CLANG_WARN_INT_CONVERSION = YES;
				CLANG_WARN_OBJC_ROOT_CLASS = YES_ERROR;
				CLANG_WARN_SUSPICIOUS_MOVE = YES;
				CLANG_WARN_UNREACHABLE_CODE = YES;
				CLANG_WARN__DUPLICATE_METHOD_MATCH = YES;
				CODE_SIGN_IDENTITY = "-";
				COPY_PHASE_STRIP = NO;
				DEBUG_INFORMATION_FORMAT = dwarf;
				ENABLE_STRICT_OBJC_MSGSEND = YES;
				ENABLE_TESTABILITY = YES;
				GCC_C_LANGUAGE_STANDARD = gnu99;
				GCC_DYNAMIC_NO_PIC = NO;
				GCC_NO_COMMON_BLOCKS = YES;
				GCC_OPTIMIZATION_LEVEL = 0;
				GCC_PREPROCESSOR_DEFINITIONS = (
					"DEBUG=1",
					"$(inherited)",
				);
				GCC_WARN_64_TO_32_BIT_CONVERSION = YES;
				GCC_WARN_ABOUT_RETURN_TYPE = YES_ERROR;
				GCC_WARN_UNDECLARED_SELECTOR = YES;
				GCC_WARN_UNINITIALIZED_AUTOS = YES_AGGRESSIVE;
				GCC_WARN_UNUSED_FUNCTION = YES;
				GCC_WARN_UNUSED_VARIABLE = YES;
				MACOSX_DEPLOYMENT_TARGET = 10.12;
				MTL_ENABLE_DEBUG_INFO = YES;
				ONLY_ACTIVE_ARCH = YES;
				SDKROOT = macosx;
			};
			name = Debug;
		};
		1D08CA121E99B73D007AEF61 /* Release */ = {
			isa = XCBuildConfiguration;
			buildSettings = {
				ALWAYS_SEARCH_USER_PATHS = NO;
				CLANG_ANALYZER_NONNULL = YES;
				CLANG_CXX_LANGUAGE_STANDARD = "gnu++0x";
				CLANG_CXX_LIBRARY = "libc++";
				CLANG_ENABLE_MODULES = YES;
				CLANG_ENABLE_OBJC_ARC = YES;
				CLANG_WARN_BOOL_CONVERSION = YES;
				CLANG_WARN_CONSTANT_CONVERSION = YES;
				CLANG_WARN_DIRECT_OBJC_ISA_USAGE = YES_ERROR;
				CLANG_WARN_DOCUMENTATION_COMMENTS = YES;
				CLANG_WARN_EMPTY_BODY = YES;
				CLANG_WARN_ENUM_CONVERSION = YES;
				CLANG_WARN_INFINITE_RECURSION = YES;
				CLANG_WARN_INT_CONVERSION = YES;
				CLANG_WARN_OBJC_ROOT_CLASS = YES_ERROR;
				CLANG_WARN_SUSPICIOUS_MOVE = YES;
				CLANG_WARN_UNREACHABLE_CODE = YES;
				CLANG_WARN__DUPLICATE_METHOD_MATCH = YES;
				CODE_SIGN_IDENTITY = "-";
				COPY_PHASE_STRIP = NO;
				DEBUG_INFORMATION_FORMAT = "dwarf-with-dsym";
				ENABLE_NS_ASSERTIONS = NO;
				ENABLE_STRICT_OBJC_MSGSEND = YES;
				GCC_C_LANGUAGE_STANDARD = gnu99;
				GCC_NO_COMMON_BLOCKS = YES;
				GCC_WARN_64_TO_32_BIT_CONVERSION = YES;
				GCC_WARN_ABOUT_RETURN_TYPE = YES_ERROR;
				GCC_WARN_UNDECLARED_SELECTOR = YES;
				GCC_WARN_UNINITIALIZED_AUTOS = YES_AGGRESSIVE;
				GCC_WARN_UNUSED_FUNCTION = YES;
				GCC_WARN_UNUSED_VARIABLE = YES;
				MACOSX_DEPLOYMENT_TARGET = 10.12;
				MTL_ENABLE_DEBUG_INFO = NO;
				SDKROOT = macosx;
			};
			name = Release;
		};
		1D08CA141E99B73D007AEF61 /* Debug */ = {
			isa = XCBuildConfiguration;
			buildSettings = {
				PRODUCT_NAME = "$(TARGET_NAME)";
			};
			name = Debug;
		};
		1D08CA151E99B73D007AEF61 /* Release */ = {
			isa = XCBuildConfiguration;
			buildSettings = {
				PRODUCT_NAME = "$(TARGET_NAME)";
			};
			name = Release;
		};
/* End XCBuildConfiguration section */

/* Begin XCConfigurationList section */
		1D08CA071E99B73D007AEF61 /* Build configuration list for PBXProject "lesson1" */ = {
			isa = XCConfigurationList;
			buildConfigurations = (
				1D08CA111E99B73D007AEF61 /* Debug */,
				1D08CA121E99B73D007AEF61 /* Release */,
			);
			defaultConfigurationIsVisible = 0;
			defaultConfigurationName = Release;
		};
		1D08CA131E99B73D007AEF61 /* Build configuration list for PBXNativeTarget "lesson1" */ = {
			isa = XCConfigurationList;
			buildConfigurations = (
				1D08CA141E99B73D007AEF61 /* Debug */,
				1D08CA151E99B73D007AEF61 /* Release */,
			);
			defaultConfigurationIsVisible = 0;
			defaultConfigurationName = Release;
		};
/* End XCConfigurationList section */
	};
	rootObject = 1D08CA041E99B73D007AEF61 /* Project object */;
}
